
Microsoft Visual Studio Solution File, Format Version 12.00
# Visual Studio Version 17
VisualStudioVersion = 17.7.34031.279
MinimumVisualStudioVersion = 10.0.40219.1
Project("{FAE04EC0-301F-11D3-BF4B-00C04F79EFBC}") = "ProjetoTabuada", "CalculadoraPotencia\CalculadoraPotencia.csproj", "{BAD8968D-EAB1-4DDA-B8E8-EC155D8DBB1B}"
EndProject
Global
	GlobalSection(SolutionConfigurationPlatforms) = preSolution
		Debug|Any CPU = Debug|Any CPU
		Release|Any CPU = Release|Any CPU
	EndGlobalSection
	GlobalSection(ProjectConfigurationPlatforms) = postSolution
		{BAD8968D-EAB1-4DDA-B8E8-EC155D8DBB1B}.Debug|Any CPU.ActiveCfg = Debug|Any CPU
		{BAD8968D-EAB1-4DDA-B8E8-EC155D8DBB1B}.Debug|Any CPU.Build.0 = Debug|Any CPU
		{BAD8968D-EAB1-4DDA-B8E8-EC155D8DBB1B}.Release|Any CPU.ActiveCfg = Release|Any CPU
		{BAD8968D-EAB1-4DDA-B8E8-EC155D8DBB1B}.Release|Any CPU.Build.0 = Release|Any CPU
	EndGlobalSection
	GlobalSection(SolutionProperties) = preSolution
		HideSolutionNode = FALSE
	EndGlobalSection
	GlobalSection(ExtensibilityGlobals) = postSolution
		SolutionGuid = {27B06E75-E062-48B3-A424-340E720236C4}
	EndGlobalSection
EndGlobal
