
Microsoft Visual Studio Solution File, Format Version 12.00
# Visual Studio Version 17
VisualStudioVersion = 17.7.34031.279
MinimumVisualStudioVersion = 10.0.40219.1
Project("{FAE04EC0-301F-11D3-BF4B-00C04F79EFBC}") = "projetosoma", "projetoconversor\projetoconversor.csproj", "{CDE48279-D9C5-42C3-9A85-29F26CD8D6CA}"
EndProject
Global
	GlobalSection(SolutionConfigurationPlatforms) = preSolution
		Debug|Any CPU = Debug|Any CPU
		Release|Any CPU = Release|Any CPU
	EndGlobalSection
	GlobalSection(ProjectConfigurationPlatforms) = postSolution
		{CDE48279-D9C5-42C3-9A85-29F26CD8D6CA}.Debug|Any CPU.ActiveCfg = Debug|Any CPU
		{CDE48279-D9C5-42C3-9A85-29F26CD8D6CA}.Debug|Any CPU.Build.0 = Debug|Any CPU
		{CDE48279-D9C5-42C3-9A85-29F26CD8D6CA}.Release|Any CPU.ActiveCfg = Release|Any CPU
		{CDE48279-D9C5-42C3-9A85-29F26CD8D6CA}.Release|Any CPU.Build.0 = Release|Any CPU
	EndGlobalSection
	GlobalSection(SolutionProperties) = preSolution
		HideSolutionNode = FALSE
	EndGlobalSection
	GlobalSection(ExtensibilityGlobals) = postSolution
		SolutionGuid = {1C7CC5EB-A722-4536-A1CB-4FF726E34A4B}
	EndGlobalSection
EndGlobal
